{
  "lockfileVersion": 1,
  "configVersion": 1,
  "workspaces": {
    "": {
      "name": "@opencode-plugin/memsearch",
      "dependencies": {
        "@opencode-ai/plugin": "*",
      },
      "devDependencies": {
        "@types/node": "^20.0.0",
        "bun-types": "^1.3.9",
        "typescript": "^5.2.2",
      },
    },
  },
  "packages": {
    "@opencode-ai/plugin": ["@opencode-ai/plugin@1.2.2", "", { "dependencies": { "@opencode-ai/sdk": "1.2.2", "zod": "4.1.8" } }, "sha512-uw/pY1VO5vYY1+x2r2DJPxT1N41cI9Q/J0rNIcb/5e9Cmt69dB9BEaDdG+y8XQIlVerRFKLllO+FbE7z1b3XTA=="],

    "@opencode-ai/sdk": ["@opencode-ai/sdk@1.2.2", "", {}, "sha512-vdCSRoqZdh2ruof8w5nIRuCXeVdNP0ffOHm9p74cAAKkupptQ5khRwBB9U0mcWEL7ey7cZ4gttvGnHMRGn+TPg=="],

    "@types/node": ["@types/node@20.19.33", "", { "dependencies": { "undici-types": "~6.21.0" } }, "sha512-Rs1bVAIdBs5gbTIKza/tgpMuG1k3U/UMJLWecIMxNdJFDMzcM5LOiLVRYh3PilWEYDIeUDv7bpiHPLPsbydGcw=="],

    "bun-types": ["bun-types@1.3.9", "", { "dependencies": { "@types/node": "*" } }, "sha512-+UBWWOakIP4Tswh0Bt0QD0alpTY8cb5hvgiYeWCMet9YukHbzuruIEeXC2D7nMJPB12kbh8C7XJykSexEqGKJg=="],

    "typescript": ["typescript@5.9.3", "", { "bin": { "tsc": "bin/tsc", "tsserver": "bin/tsserver" } }, "sha512-jl1vZzPDinLr9eUt3J/t7V6FgNEw9QjvBPdysz9KfQDD41fQrC2Y4vKQdiaUpFT4bXlb1RHhLpp8wtm6M5TgSw=="],

    "undici-types": ["undici-types@6.21.0", "", {}, "sha512-iwDZqg0QAGrg9Rav5H4n0M64c3mkR59cJ6wQp+7C4nI0gsmExaedaYLNO44eT4AtBBwjbTiGPMlt2Md0T9H9JQ=="],

    "zod": ["zod@4.1.8", "", {}, "sha512-5R1P+WwQqmmMIEACyzSvo4JXHY5WiAFHRMg+zBZKgKS+Q1viRa0C1hmUKtHltoIFKtIdki3pRxkmpP74jnNYHQ=="],
  }
}
